<?xml version="1.0" encoding="utf-8"?>
<Project ToolsVersion="4.0" xmlns="http://schemas.microsoft.com/developer/msbuild/2003">
  <ItemGroup>
    <Filter Include="include">
      <UniqueIdentifier>{2e004dcf-b619-4a7c-9c8d-e2f199e00021}</UniqueIdentifier>
    </Filter>
    <Filter Include="src">
      <UniqueIdentifier>{46ea0e14-02d7-4308-b0d3-83fd92fbae78}</UniqueIdentifier>
    </Filter>
    <Filter Include="include\culibtest">
      <UniqueIdentifier>{2004170e-6de0-42ed-97bf-c6bc4be5b99f}</UniqueIdentifier>
    </Filter>
    <Filter Include="src\culibtest">
      <UniqueIdentifier>{9f4a3ebc-3572-4ad4-b2ea-1d3769cdf90c}</UniqueIdentifier>
    </Filter>
  </ItemGroup>
  <ItemGroup>
    <ClInclude Include="include\culibtest.h">
      <Filter>include</Filter>
    </ClInclude>
    <ClInclude Include="include\culibtest\defines.h">
      <Filter>include\culibtest</Filter>
    </ClInclude>
    <ClInclude Include="include\culibtest\SomeClass.h">
      <Filter>include\culibtest</Filter>
    </ClInclude>
    <ClInclude Include="include\culibtest\user.h">
      <Filter>include\culibtest</Filter>
    </ClInclude>
  </ItemGroup>
  <ItemGroup>
    <CudaCompile Include="src\culibtest\SomeClass.cu">
      <Filter>src\culibtest</Filter>
    </CudaCompile>
  </ItemGroup>
  <ItemGroup>
    <ClCompile Include="src\culibtest\temp.cpp">
      <Filter>src\culibtest</Filter>
    </ClCompile>
  </ItemGroup>
</Project>